// !$*UTF8*$!
{
	archiveVersion = 1;
	classes = {
	};
	objectVersion = 77;
	objects = {

/* Begin PBXContainerItemProxy section */
		37994CBF2DEF2B7B000958BF /* PBXContainerItemProxy */ = {
			isa = PBXContainerItemProxy;
			containerPortal = 37994CA92DEF2B79000958BF /* Project object */;
			proxyType = 1;
			remoteGlobalIDString = 37994CB02DEF2B79000958BF;
			remoteInfo = ViewBuilder;
		};
		37994CC92DEF2B7B000958BF /* PBXContainerItemProxy */ = {
			isa = PBXContainerItemProxy;
			containerPortal = 37994CA92DEF2B79000958BF /* Project object */;
			proxyType = 1;
			remoteGlobalIDString = 37994CB02DEF2B79000958BF;
			remoteInfo = ViewBuilder;
		};
/* End PBXContainerItemProxy section */

/* Begin PBXFileReference section */
		37994CB12DEF2B79000958BF /* ViewBuilder.app */ = {isa = PBXFileReference; explicitFileType = wrapper.application; includeInIndex = 0; path = ViewBuilder.app; sourceTree = BUILT_PRODUCTS_DIR; };
		37994CBE2DEF2B7B000958BF /* ViewBuilderTests.xctest */ = {isa = PBXFileReference; explicitFileType = wrapper.cfbundle; includeInIndex = 0; path = ViewBuilderTests.xctest; sourceTree = BUILT_PRODUCTS_DIR; };
		37994CC82DEF2B7B000958BF /* ViewBuilderUITests.xctest */ = {isa = PBXFileReference; explicitFileType = wrapper.cfbundle; includeInIndex = 0; path = ViewBuilderUITests.xctest; sourceTree = BUILT_PRODUCTS_DIR; };
/* End PBXFileReference section */

/* Begin PBXFileSystemSynchronizedRootGroup section */
		37994CB32DEF2B79000958BF /* ViewBuilder */ = {
			isa = PBXFileSystemSynchronizedRootGroup;
			path = ViewBuilder;
			sourceTree = "<group>";
		};
		37994CC12DEF2B7B000958BF /* ViewBuilderTests */ = {
			isa = PBXFileSystemSynchronizedRootGroup;
			path = ViewBuilderTests;
			sourceTree = "<group>";
		};
		37994CCB2DEF2B7B000958BF /* ViewBuilderUITests */ = {
			isa = PBXFileSystemSynchronizedRootGroup;
			path = ViewBuilderUITests;
			sourceTree = "<group>";
		};
/* End PBXFileSystemSynchronizedRootGroup section */

/* Begin PBXFrameworksBuildPhase section */
		37994CAE2DEF2B79000958BF /* Frameworks */ = {
			isa = PBXFrameworksBuildPhase;
			buildActionMask = 2147483647;
			files = (
			);
			runOnlyForDeploymentPostprocessing = 0;
		};
		37994CBB2DEF2B7B000958BF /* Frameworks */ = {
			isa = PBXFrameworksBuildPhase;
			buildActionMask = 2147483647;
			files = (
			);
			runOnlyForDeploymentPostprocessing = 0;
		};
		37994CC52DEF2B7B000958BF /* Frameworks */ = {
			isa = PBXFrameworksBuildPhase;
			buildActionMask = 2147483647;
			files = (
			);
			runOnlyForDeploymentPostprocessing = 0;
		};
/* End PBXFrameworksBuildPhase section */

/* Begin PBXGroup section */
		37994CA82DEF2B79000958BF = {
			isa = PBXGroup;
			children = (
				37994CB32DEF2B79000958BF /* ViewBuilder */,
				37994CC12DEF2B7B000958BF /* ViewBuilderTests */,
				37994CCB2DEF2B7B000958BF /* ViewBuilderUITests */,
				37994CB22DEF2B79000958BF /* Products */,
			);
			sourceTree = "<group>";
		};
		37994CB22DEF2B79000958BF /* Products */ = {
			isa = PBXGroup;
			children = (
				37994CB12DEF2B79000958BF /* ViewBuilder.app */,
				37994CBE2DEF2B7B000958BF /* ViewBuilderTests.xctest */,
				37994CC82DEF2B7B000958BF /* ViewBuilderUITests.xctest */,
			);
			name = Products;
			sourceTree = "<group>";
		};
/* End PBXGroup section */

/* Begin PBXNativeTarget section */
		37994CB02DEF2B79000958BF /* ViewBuilder */ = {
			isa = PBXNativeTarget;
			buildConfigurationList = 37994CD22DEF2B7B000958BF /* Build configuration list for PBXNativeTarget "ViewBuilder" */;
			buildPhases = (
				37994CAD2DEF2B79000958BF /* Sources */,
				37994CAE2DEF2B79000958BF /* Frameworks */,
				37994CAF2DEF2B79000958BF /* Resources */,
			);
			buildRules = (
			);
			dependencies = (
			);
			fileSystemSynchronizedGroups = (
				37994CB32DEF2B79000958BF /* ViewBuilder */,
			);
			name = ViewBuilder;
			packageProductDependencies = (
			);
			productName = ViewBuilder;
			productReference = 37994CB12DEF2B79000958BF /* ViewBuilder.app */;
			productType = "com.apple.product-type.application";
		};
		37994CBD2DEF2B7B000958BF /* ViewBuilderTests */ = {
			isa = PBXNativeTarget;
			buildConfigurationList = 37994CD52DEF2B7B000958BF /* Build configuration list for PBXNativeTarget "ViewBuilderTests" */;
			buildPhases = (
				37994CBA2DEF2B7B000958BF /* Sources */,
				37994CBB2DEF2B7B000958BF /* Frameworks */,
				37994CBC2DEF2B7B000958BF /* Resources */,
			);
			buildRules = (
			);
			dependencies = (
				37994CC02DEF2B7B000958BF /* PBXTargetDependency */,
			);
			fileSystemSynchronizedGroups = (
				37994CC12DEF2B7B000958BF /* ViewBuilderTests */,
			);
			name = ViewBuilderTests;
			packageProductDependencies = (
			);
			productName = ViewBuilderTests;
			productReference = 37994CBE2DEF2B7B000958BF /* ViewBuilderTests.xctest */;
			productType = "com.apple.product-type.bundle.unit-test";
		};
		37994CC72DEF2B7B000958BF /* ViewBuilderUITests */ = {
			isa = PBXNativeTarget;
			buildConfigurationList = 37994CD82DEF2B7B000958BF /* Build configuration list for PBXNativeTarget "ViewBuilderUITests" */;
			buildPhases = (
				37994CC42DEF2B7B000958BF /* Sources */,
				37994CC52DEF2B7B000958BF /* Frameworks */,
				37994CC62DEF2B7B000958BF /* Resources */,
			);
			buildRules = (
			);
			dependencies = (
				37994CCA2DEF2B7B000958BF /* PBXTargetDependency */,
			);
			fileSystemSynchronizedGroups = (
				37994CCB2DEF2B7B000958BF /* ViewBuilderUITests */,
			);
			name = ViewBuilderUITests;
			packageProductDependencies = (
			);
			productName = ViewBuilderUITests;
			productReference = 37994CC82DEF2B7B000958BF /* ViewBuilderUITests.xctest */;
			productType = "com.apple.product-type.bundle.ui-testing";
		};
/* End PBXNativeTarget section */

/* Begin PBXProject section */
		37994CA92DEF2B79000958BF /* Project object */ = {
			isa = PBXProject;
			attributes = {
				BuildIndependentTargetsInParallel = 1;
				LastSwiftUpdateCheck = 1630;
				LastUpgradeCheck = 1630;
				TargetAttributes = {
					37994CB02DEF2B79000958BF = {
						CreatedOnToolsVersion = 16.3;
					};
					37994CBD2DEF2B7B000958BF = {
						CreatedOnToolsVersion = 16.3;
						TestTargetID = 37994CB02DEF2B79000958BF;
					};
					37994CC72DEF2B7B000958BF = {
						CreatedOnToolsVersion = 16.3;
						TestTargetID = 37994CB02DEF2B79000958BF;
					};
				};
			};
			buildConfigurationList = 37994CAC2DEF2B79000958BF /* Build configuration list for PBXProject "ViewBuilder" */;
			developmentRegion = en;
			hasScannedForEncodings = 0;
			knownRegions = (
				en,
				Base,
			);
			mainGroup = 37994CA82DEF2B79000958BF;
			minimizedProjectReferenceProxies = 1;
			preferredProjectObjectVersion = 77;
			productRefGroup = 37994CB22DEF2B79000958BF /* Products */;
			projectDirPath = "";
			projectRoot = "";
			targets = (
				37994CB02DEF2B79000958BF /* ViewBuilder */,
				37994CBD2DEF2B7B000958BF /* ViewBuilderTests */,
				37994CC72DEF2B7B000958BF /* ViewBuilderUITests */,
			);
		};
/* End PBXProject section */

/* Begin PBXResourcesBuildPhase section */
		37994CAF2DEF2B79000958BF /* Resources */ = {
			isa = PBXResourcesBuildPhase;
			buildActionMask = 2147483647;
			files = (
			);
			runOnlyForDeploymentPostprocessing = 0;
		};
		37994CBC2DEF2B7B000958BF /* Resources */ = {
			isa = PBXResourcesBuildPhase;
			buildActionMask = 2147483647;
			files = (
			);
			runOnlyForDeploymentPostprocessing = 0;
		};
		37994CC62DEF2B7B000958BF /* Resources */ = {
			isa = PBXResourcesBuildPhase;
			buildActionMask = 2147483647;
			files = (
			);
			runOnlyForDeploymentPostprocessing = 0;
		};
/* End PBXResourcesBuildPhase section */

/* Begin PBXSourcesBuildPhase section */
		37994CAD2DEF2B79000958BF /* Sources */ = {
			isa = PBXSourcesBuildPhase;
			buildActionMask = 2147483647;
			files = (
			);
			runOnlyForDeploymentPostprocessing = 0;
		};
		37994CBA2DEF2B7B000958BF /* Sources */ = {
			isa = PBXSourcesBuildPhase;
			buildActionMask = 2147483647;
			files = (
			);
			runOnlyForDeploymentPostprocessing = 0;
		};
		37994CC42DEF2B7B000958BF /* Sources */ = {
			isa = PBXSourcesBuildPhase;
			buildActionMask = 2147483647;
			files = (
			);
			runOnlyForDeploymentPostprocessing = 0;
		};
/* End PBXSourcesBuildPhase section */

/* Begin PBXTargetDependency section */
		37994CC02DEF2B7B000958BF /* PBXTargetDependency */ = {
			isa = PBXTargetDependency;
			target = 37994CB02DEF2B79000958BF /* ViewBuilder */;
			targetProxy = 37994CBF2DEF2B7B000958BF /* PBXContainerItemProxy */;
		};
		37994CCA2DEF2B7B000958BF /* PBXTargetDependency */ = {
			isa = PBXTargetDependency;
			target = 37994CB02DEF2B79000958BF /* ViewBuilder */;
			targetProxy = 37994CC92DEF2B7B000958BF /* PBXContainerItemProxy */;
		};
/* End PBXTargetDependency section */

/* Begin XCBuildConfiguration section */
		37994CD02DEF2B7B000958BF /* Debug */ = {
			isa = XCBuildConfiguration;
			buildSettings = {
				ALWAYS_SEARCH_USER_PATHS = NO;
				ASSETCATALOG_COMPILER_GENERATE_SWIFT_ASSET_SYMBOL_EXTENSIONS = YES;
				CLANG_ANALYZER_NONNULL = YES;
				CLANG_ANALYZER_NUMBER_OBJECT_CONVERSION = YES_AGGRESSIVE;
				CLANG_CXX_LANGUAGE_STANDARD = "gnu++20";
				CLANG_ENABLE_MODULES = YES;
				CLANG_ENABLE_OBJC_ARC = YES;
				CLANG_ENABLE_OBJC_WEAK = YES;
				CLANG_WARN_BLOCK_CAPTURE_AUTORELEASING = YES;
				CLANG_WARN_BOOL_CONVERSION = YES;
				CLANG_WARN_COMMA = YES;
				CLANG_WARN_CONSTANT_CONVERSION = YES;
				CLANG_WARN_DEPRECATED_OBJC_IMPLEMENTATIONS = YES;
				CLANG_WARN_DIRECT_OBJC_ISA_USAGE = YES_ERROR;
				CLANG_WARN_DOCUMENTATION_COMMENTS = YES;
				CLANG_WARN_EMPTY_BODY = YES;
				CLANG_WARN_ENUM_CONVERSION = YES;
				CLANG_WARN_INFINITE_RECURSION = YES;
				CLANG_WARN_INT_CONVERSION = YES;
				CLANG_WARN_NON_LITERAL_NULL_CONVERSION = YES;
				CLANG_WARN_OBJC_IMPLICIT_RETAIN_SELF = YES;
				CLANG_WARN_OBJC_LITERAL_CONVERSION = YES;
				CLANG_WARN_OBJC_ROOT_CLASS = YES_ERROR;
				CLANG_WARN_QUOTED_INCLUDE_IN_FRAMEWORK_HEADER = YES;
				CLANG_WARN_RANGE_LOOP_ANALYSIS = YES;
				CLANG_WARN_STRICT_PROTOTYPES = YES;
				CLANG_WARN_SUSPICIOUS_MOVE = YES;
				CLANG_WARN_UNGUARDED_AVAILABILITY = YES_AGGRESSIVE;
				CLANG_WARN_UNREACHABLE_CODE = YES;
				CLANG_WARN__DUPLICATE_METHOD_MATCH = YES;
				COPY_PHASE_STRIP = NO;
				DEBUG_INFORMATION_FORMAT = dwarf;
				ENABLE_STRICT_OBJC_MSGSEND = YES;
				ENABLE_TESTABILITY = YES;
				ENABLE_USER_SCRIPT_SANDBOXING = YES;
				GCC_C_LANGUAGE_STANDARD = gnu17;
				GCC_DYNAMIC_NO_PIC = NO;
				GCC_NO_COMMON_BLOCKS = YES;
				GCC_OPTIMIZATION_LEVEL = 0;
				GCC_PREPROCESSOR_DEFINITIONS = (
					"DEBUG=1",
					"$(inherited)",
				);
				GCC_WARN_64_TO_32_BIT_CONVERSION = YES;
				GCC_WARN_ABOUT_RETURN_TYPE = YES_ERROR;
				GCC_WARN_UNDECLARED_SELECTOR = YES;
				GCC_WARN_UNINITIALIZED_AUTOS = YES_AGGRESSIVE;
				GCC_WARN_UNUSED_FUNCTION = YES;
				GCC_WARN_UNUSED_VARIABLE = YES;
				IPHONEOS_DEPLOYMENT_TARGET = 18.4;
				LOCALIZATION_PREFERS_STRING_CATALOGS = YES;
				MTL_ENABLE_DEBUG_INFO = INCLUDE_SOURCE;
				MTL_FAST_MATH = YES;
				ONLY_ACTIVE_ARCH = YES;
				SDKROOT = iphoneos;
				SWIFT_ACTIVE_COMPILATION_CONDITIONS = "DEBUG $(inherited)";
				SWIFT_OPTIMIZATION_LEVEL = "-Onone";
			};
			name = Debug;
		};
		37994CD12DEF2B7B000958BF /* Release */ = {
			isa = XCBuildConfiguration;
			buildSettings = {
				ALWAYS_SEARCH_USER_PATHS = NO;
				ASSETCATALOG_COMPILER_GENERATE_SWIFT_ASSET_SYMBOL_EXTENSIONS = YES;
				CLANG_ANALYZER_NONNULL = YES;
				CLANG_ANALYZER_NUMBER_OBJECT_CONVERSION = YES_AGGRESSIVE;
				CLANG_CXX_LANGUAGE_STANDARD = "gnu++20";
				CLANG_ENABLE_MODULES = YES;
				CLANG_ENABLE_OBJC_ARC = YES;
				CLANG_ENABLE_OBJC_WEAK = YES;
				CLANG_WARN_BLOCK_CAPTURE_AUTORELEASING = YES;
				CLANG_WARN_BOOL_CONVERSION = YES;
				CLANG_WARN_COMMA = YES;
				CLANG_WARN_CONSTANT_CONVERSION = YES;
				CLANG_WARN_DEPRECATED_OBJC_IMPLEMENTATIONS = YES;
				CLANG_WARN_DIRECT_OBJC_ISA_USAGE = YES_ERROR;
				CLANG_WARN_DOCUMENTATION_COMMENTS = YES;
				CLANG_WARN_EMPTY_BODY = YES;
				CLANG_WARN_ENUM_CONVERSION = YES;
				CLANG_WARN_INFINITE_RECURSION = YES;
				CLANG_WARN_INT_CONVERSION = YES;
				CLANG_WARN_NON_LITERAL_NULL_CONVERSION = YES;
				CLANG_WARN_OBJC_IMPLICIT_RETAIN_SELF = YES;
				CLANG_WARN_OBJC_LITERAL_CONVERSION = YES;
				CLANG_WARN_OBJC_ROOT_CLASS = YES_ERROR;
				CLANG_WARN_QUOTED_INCLUDE_IN_FRAMEWORK_HEADER = YES;
				CLANG_WARN_RANGE_LOOP_ANALYSIS = YES;
				CLANG_WARN_STRICT_PROTOTYPES = YES;
				CLANG_WARN_SUSPICIOUS_MOVE = YES;
				CLANG_WARN_UNGUARDED_AVAILABILITY = YES_AGGRESSIVE;
				CLANG_WARN_UNREACHABLE_CODE = YES;
				CLANG_WARN__DUPLICATE_METHOD_MATCH = YES;
				COPY_PHASE_STRIP = NO;
				DEBUG_INFORMATION_FORMAT = "dwarf-with-dsym";
				ENABLE_NS_ASSERTIONS = NO;
				ENABLE_STRICT_OBJC_MSGSEND = YES;
				ENABLE_USER_SCRIPT_SANDBOXING = YES;
				GCC_C_LANGUAGE_STANDARD = gnu17;
				GCC_NO_COMMON_BLOCKS = YES;
				GCC_WARN_64_TO_32_BIT_CONVERSION = YES;
				GCC_WARN_ABOUT_RETURN_TYPE = YES_ERROR;
				GCC_WARN_UNDECLARED_SELECTOR = YES;
				GCC_WARN_UNINITIALIZED_AUTOS = YES_AGGRESSIVE;
				GCC_WARN_UNUSED_FUNCTION = YES;
				GCC_WARN_UNUSED_VARIABLE = YES;
				IPHONEOS_DEPLOYMENT_TARGET = 18.4;
				LOCALIZATION_PREFERS_STRING_CATALOGS = YES;
				MTL_ENABLE_DEBUG_INFO = NO;
				MTL_FAST_MATH = YES;
				SDKROOT = iphoneos;
				SWIFT_COMPILATION_MODE = wholemodule;
				VALIDATE_PRODUCT = YES;
			};
			name = Release;
		};
		37994CD32DEF2B7B000958BF /* Debug */ = {
			isa = XCBuildConfiguration;
			buildSettings = {
				ASSETCATALOG_COMPILER_APPICON_NAME = AppIcon;
				ASSETCATALOG_COMPILER_GLOBAL_ACCENT_COLOR_NAME = AccentColor;
				CODE_SIGN_STYLE = Automatic;
				CURRENT_PROJECT_VERSION = 1;
				ENABLE_PREVIEWS = YES;
				GENERATE_INFOPLIST_FILE = YES;
				INFOPLIST_KEY_UIApplicationSceneManifest_Generation = YES;
				INFOPLIST_KEY_UIApplicationSupportsIndirectInputEvents = YES;
				INFOPLIST_KEY_UILaunchScreen_Generation = YES;
				INFOPLIST_KEY_UISupportedInterfaceOrientations_iPad = "UIInterfaceOrientationPortrait UIInterfaceOrientationPortraitUpsideDown UIInterfaceOrientationLandscapeLeft UIInterfaceOrientationLandscapeRight";
				INFOPLIST_KEY_UISupportedInterfaceOrientations_iPhone = "UIInterfaceOrientationPortrait UIInterfaceOrientationLandscapeLeft UIInterfaceOrientationLandscapeRight";
				LD_RUNPATH_SEARCH_PATHS = (
					"$(inherited)",
					"@executable_path/Frameworks",
				);
				MARKETING_VERSION = 1.0;
				PRODUCT_BUNDLE_IDENTIFIER = com.Air.ViewBuilder;
				PRODUCT_NAME = "$(TARGET_NAME)";
				SWIFT_EMIT_LOC_STRINGS = YES;
				SWIFT_VERSION = 5.0;
				TARGETED_DEVICE_FAMILY = "1,2";
			};
			name = Debug;
		};
		37994CD42DEF2B7B000958BF /* Release */ = {
			isa = XCBuildConfiguration;
			buildSettings = {
				ASSETCATALOG_COMPILER_APPICON_NAME = AppIcon;
				ASSETCATALOG_COMPILER_GLOBAL_ACCENT_COLOR_NAME = AccentColor;
				CODE_SIGN_STYLE = Automatic;
				CURRENT_PROJECT_VERSION = 1;
				ENABLE_PREVIEWS = YES;
				GENERATE_INFOPLIST_FILE = YES;
				INFOPLIST_KEY_UIApplicationSceneManifest_Generation = YES;
				INFOPLIST_KEY_UIApplicationSupportsIndirectInputEvents = YES;
				INFOPLIST_KEY_UILaunchScreen_Generation = YES;
				INFOPLIST_KEY_UISupportedInterfaceOrientations_iPad = "UIInterfaceOrientationPortrait UIInterfaceOrientationPortraitUpsideDown UIInterfaceOrientationLandscapeLeft UIInterfaceOrientationLandscapeRight";
				INFOPLIST_KEY_UISupportedInterfaceOrientations_iPhone = "UIInterfaceOrientationPortrait UIInterfaceOrientationLandscapeLeft UIInterfaceOrientationLandscapeRight";
				LD_RUNPATH_SEARCH_PATHS = (
					"$(inherited)",
					"@executable_path/Frameworks",
				);
				MARKETING_VERSION = 1.0;
				PRODUCT_BUNDLE_IDENTIFIER = com.Air.ViewBuilder;
				PRODUCT_NAME = "$(TARGET_NAME)";
				SWIFT_EMIT_LOC_STRINGS = YES;
				SWIFT_VERSION = 5.0;
				TARGETED_DEVICE_FAMILY = "1,2";
			};
			name = Release;
		};
		37994CD62DEF2B7B000958BF /* Debug */ = {
			isa = XCBuildConfiguration;
			buildSettings = {
				BUNDLE_LOADER = "$(TEST_HOST)";
				CODE_SIGN_STYLE = Automatic;
				CURRENT_PROJECT_VERSION = 1;
				GENERATE_INFOPLIST_FILE = YES;
				IPHONEOS_DEPLOYMENT_TARGET = 18.4;
				MARKETING_VERSION = 1.0;
				PRODUCT_BUNDLE_IDENTIFIER = com.Air.ViewBuilderTests;
				PRODUCT_NAME = "$(TARGET_NAME)";
				SWIFT_EMIT_LOC_STRINGS = NO;
				SWIFT_VERSION = 5.0;
				TARGETED_DEVICE_FAMILY = "1,2";
				TEST_HOST = "$(BUILT_PRODUCTS_DIR)/ViewBuilder.app/$(BUNDLE_EXECUTABLE_FOLDER_PATH)/ViewBuilder";
			};
			name = Debug;
		};
		37994CD72DEF2B7B000958BF /* Release */ = {
			isa = XCBuildConfiguration;
			buildSettings = {
				BUNDLE_LOADER = "$(TEST_HOST)";
				CODE_SIGN_STYLE = Automatic;
				CURRENT_PROJECT_VERSION = 1;
				GENERATE_INFOPLIST_FILE = YES;
				IPHONEOS_DEPLOYMENT_TARGET = 18.4;
				MARKETING_VERSION = 1.0;
				PRODUCT_BUNDLE_IDENTIFIER = com.Air.ViewBuilderTests;
				PRODUCT_NAME = "$(TARGET_NAME)";
				SWIFT_EMIT_LOC_STRINGS = NO;
				SWIFT_VERSION = 5.0;
				TARGETED_DEVICE_FAMILY = "1,2";
				TEST_HOST = "$(BUILT_PRODUCTS_DIR)/ViewBuilder.app/$(BUNDLE_EXECUTABLE_FOLDER_PATH)/ViewBuilder";
			};
			name = Release;
		};
		37994CD92DEF2B7B000958BF /* Debug */ = {
			isa = XCBuildConfiguration;
			buildSettings = {
				CODE_SIGN_STYLE = Automatic;
				CURRENT_PROJECT_VERSION = 1;
				GENERATE_INFOPLIST_FILE = YES;
				MARKETING_VERSION = 1.0;
				PRODUCT_BUNDLE_IDENTIFIER = com.Air.ViewBuilderUITests;
				PRODUCT_NAME = "$(TARGET_NAME)";
				SWIFT_EMIT_LOC_STRINGS = NO;
				SWIFT_VERSION = 5.0;
				TARGETED_DEVICE_FAMILY = "1,2";
				TEST_TARGET_NAME = ViewBuilder;
			};
			name = Debug;
		};
		37994CDA2DEF2B7B000958BF /* Release */ = {
			isa = XCBuildConfiguration;
			buildSettings = {
				CODE_SIGN_STYLE = Automatic;
				CURRENT_PROJECT_VERSION = 1;
				GENERATE_INFOPLIST_FILE = YES;
				MARKETING_VERSION = 1.0;
				PRODUCT_BUNDLE_IDENTIFIER = com.Air.ViewBuilderUITests;
				PRODUCT_NAME = "$(TARGET_NAME)";
				SWIFT_EMIT_LOC_STRINGS = NO;
				SWIFT_VERSION = 5.0;
				TARGETED_DEVICE_FAMILY = "1,2";
				TEST_TARGET_NAME = ViewBuilder;
			};
			name = Release;
		};
/* End XCBuildConfiguration section */

/* Begin XCConfigurationList section */
		37994CAC2DEF2B79000958BF /* Build configuration list for PBXProject "ViewBuilder" */ = {
			isa = XCConfigurationList;
			buildConfigurations = (
				37994CD02DEF2B7B000958BF /* Debug */,
				37994CD12DEF2B7B000958BF /* Release */,
			);
			defaultConfigurationIsVisible = 0;
			defaultConfigurationName = Release;
		};
		37994CD22DEF2B7B000958BF /* Build configuration list for PBXNativeTarget "ViewBuilder" */ = {
			isa = XCConfigurationList;
			buildConfigurations = (
				37994CD32DEF2B7B000958BF /* Debug */,
				37994CD42DEF2B7B000958BF /* Release */,
			);
			defaultConfigurationIsVisible = 0;
			defaultConfigurationName = Release;
		};
		37994CD52DEF2B7B000958BF /* Build configuration list for PBXNativeTarget "ViewBuilderTests" */ = {
			isa = XCConfigurationList;
			buildConfigurations = (
				37994CD62DEF2B7B000958BF /* Debug */,
				37994CD72DEF2B7B000958BF /* Release */,
			);
			defaultConfigurationIsVisible = 0;
			defaultConfigurationName = Release;
		};
		37994CD82DEF2B7B000958BF /* Build configuration list for PBXNativeTarget "ViewBuilderUITests" */ = {
			isa = XCConfigurationList;
			buildConfigurations = (
				37994CD92DEF2B7B000958BF /* Debug */,
				37994CDA2DEF2B7B000958BF /* Release */,
			);
			defaultConfigurationIsVisible = 0;
			defaultConfigurationName = Release;
		};
/* End XCConfigurationList section */
	};
	rootObject = 37994CA92DEF2B79000958BF /* Project object */;
}
